
Microsoft Visual Studio Solution File, Format Version 12.00
# Visual Studio Version 16
VisualStudioVersion = 16.0.32413.511
MinimumVisualStudioVersion = 10.0.40219.1
Project("{8BC9CEB8-8B4A-11D0-8D11-00A0C91BC942}") = "multiple_inheritance_example", "multiple_inheritance_example\multiple_inheritance_example.vcxproj", "{5277CC22-EFFB-4E9E-B245-7D797F12DAEC}"
EndProject
Global
	GlobalSection(SolutionConfigurationPlatforms) = preSolution
		Debug|x64 = Debug|x64
		Debug|x86 = Debug|x86
		Release|x64 = Release|x64
		Release|x86 = Release|x86
	EndGlobalSection
	GlobalSection(ProjectConfigurationPlatforms) = postSolution
		{5277CC22-EFFB-4E9E-B245-7D797F12DAEC}.Debug|x64.ActiveCfg = Debug|x64
		{5277CC22-EFFB-4E9E-B245-7D797F12DAEC}.Debug|x64.Build.0 = Debug|x64
		{5277CC22-EFFB-4E9E-B245-7D797F12DAEC}.Debug|x86.ActiveCfg = Debug|Win32
		{5277CC22-EFFB-4E9E-B245-7D797F12DAEC}.Debug|x86.Build.0 = Debug|Win32
		{5277CC22-EFFB-4E9E-B245-7D797F12DAEC}.Release|x64.ActiveCfg = Release|x64
		{5277CC22-EFFB-4E9E-B245-7D797F12DAEC}.Release|x64.Build.0 = Release|x64
		{5277CC22-EFFB-4E9E-B245-7D797F12DAEC}.Release|x86.ActiveCfg = Release|Win32
		{5277CC22-EFFB-4E9E-B245-7D797F12DAEC}.Release|x86.Build.0 = Release|Win32
	EndGlobalSection
	GlobalSection(SolutionProperties) = preSolution
		HideSolutionNode = FALSE
	EndGlobalSection
	GlobalSection(ExtensibilityGlobals) = postSolution
		SolutionGuid = {D471B5C2-9908-4F8F-91D9-A8FE1312CFFE}
	EndGlobalSection
EndGlobal
